{
  "version": 4,
  "terraform_version": "1.3.6",
  "serial": 573,
  "lineage": "8e365102-8f17-6d1f-c9c2-6618254a37e9",
  "outputs": {},
  "resources": [
    {
      "mode": "managed",
      "type": "aws_codedeploy_app",
      "name": "CtdOmegaEditorialFrontend",
      "provider": "provider[\"registry.terraform.io/hashicorp/aws\"]",
      "instances": [
        {
          "schema_version": 0,
          "attributes": {
            "application_id": "1ca1f397-1b11-4b9c-a86d-c06ddff65d96",
            "arn": "arn:aws:codedeploy:eu-west-2:495195014394:application:CtdOmegaEditorialFrontend",
            "compute_platform": "Server",
            "github_account_name": "",
            "id": "1ca1f397-1b11-4b9c-a86d-c06ddff65d96:CtdOmegaEditorialFrontend",
            "linked_to_github": false,
            "name": "CtdOmegaEditorialFrontend",
            "tags": null,
            "tags_all": {}
          },
          "sensitive_attributes": [],
          "private": "bnVsbA=="
        }
      ]
    },
    {
      "mode": "managed",
      "type": "aws_codedeploy_deployment_group",
      "name": "CtdOmegaEditorialFrontend-DepGrp",
      "provider": "provider[\"registry.terraform.io/hashicorp/aws\"]",
      "instances": [
        {
          "schema_version": 0,
          "attributes": {
            "alarm_configuration": [
              {
                "alarms": [
                  "my-alarm-name"
                ],
                "enabled": true,
                "ignore_poll_alarm_failure": false
              }
            ],
            "app_name": "CtdOmegaEditorialFrontend",
            "arn": "arn:aws:codedeploy:eu-west-2:495195014394:deploymentgroup:CtdOmegaEditorialFrontend/CtdOmegaEditorialFrontend-DepGrp",
            "auto_rollback_configuration": [
              {
                "enabled": true,
                "events": [
                  "DEPLOYMENT_FAILURE"
                ]
              }
            ],
            "autoscaling_groups": null,
            "blue_green_deployment_config": [],
            "compute_platform": "Server",
            "deployment_config_name": "CodeDeployDefault.AllAtOnce",
            "deployment_group_id": "d6618ddf-73b0-4de2-94ff-a0e092b99bd4",
            "deployment_group_name": "CtdOmegaEditorialFrontend-DepGrp",
            "deployment_style": [
              {
                "deployment_option": "WITHOUT_TRAFFIC_CONTROL",
                "deployment_type": "IN_PLACE"
              }
            ],
            "ec2_tag_filter": [],
            "ec2_tag_set": [
              {
                "ec2_tag_filter": [
                  {
                    "key": "Name",
                    "type": "KEY_AND_VALUE",
                    "value": "EditorialWeb"
                  }
                ]
              }
            ],
            "ecs_service": [],
            "id": "d6618ddf-73b0-4de2-94ff-a0e092b99bd4",
            "load_balancer_info": [],
            "on_premises_instance_tag_filter": [],
            "service_role_arn": "arn:aws:iam::495195014394:role/CodeDeployServiceRole2",
            "tags": null,
            "tags_all": {},
            "trigger_configuration": []
          },
          "sensitive_attributes": [],
          "private": "bnVsbA==",
          "dependencies": [
            "aws_codedeploy_app.CtdOmegaEditorialFrontend",
            "aws_iam_role.CodeDeployServiceRole2"
          ]
        }
      ]
    },
    {
      "mode": "managed",
      "type": "aws_iam_instance_profile",
      "name": "code_deploy_ec2_profile",
      "provider": "provider[\"registry.terraform.io/hashicorp/aws\"]",
      "instances": [
        {
          "schema_version": 0,
          "attributes": {
            "arn": "arn:aws:iam::495195014394:instance-profile/CodeDeployEC2Profile",
            "create_date": "2023-01-03T17:40:03Z",
            "id": "CodeDeployEC2Profile",
            "name": "CodeDeployEC2Profile",
            "name_prefix": null,
            "path": "/",
            "role": "code_deploy_ec2_instance_profile_role",
            "tags": null,
            "tags_all": {},
            "unique_id": "AIPAXGS7MIT5INM6TRM2F"
          },
          "sensitive_attributes": [],
          "private": "bnVsbA==",
          "dependencies": [
            "aws_iam_role.code_deploy_ec2_instance_profile_role"
          ]
        }
      ]
    },
    {
      "mode": "managed",
      "type": "aws_iam_openid_connect_provider",
      "name": "github_oidc",
      "provider": "provider[\"registry.terraform.io/hashicorp/aws\"]",
      "instances": [
        {
          "schema_version": 0,
          "attributes": {
            "arn": "arn:aws:iam::495195014394:oidc-provider/token.actions.githubusercontent.com",
            "client_id_list": [
              "sts.amazonaws.com"
            ],
            "id": "arn:aws:iam::495195014394:oidc-provider/token.actions.githubusercontent.com",
            "tags": null,
            "tags_all": {},
            "thumbprint_list": [
              "6938fd4d98bab03faadb97b34396831e3780aea1"
            ],
            "url": "token.actions.githubusercontent.com"
          },
          "sensitive_attributes": [],
          "private": "bnVsbA=="
        }
      ]
    },
    {
      "mode": "managed",
      "type": "aws_iam_policy",
      "name": "CodeDeployAccess",
      "provider": "provider[\"registry.terraform.io/hashicorp/aws\"]",
      "instances": [
        {
          "schema_version": 0,
          "attributes": {
            "arn": "arn:aws:iam::495195014394:policy/CodeDeployAccess",
            "description": "",
            "id": "arn:aws:iam::495195014394:policy/CodeDeployAccess",
            "name": "CodeDeployAccess",
            "name_prefix": null,
            "path": "/",
            "policy": "{\"Statement\":[{\"Action\":[\"autoscaling:*\",\"codedeploy:*\",\"ec2:*\",\"elasticloadbalancing:*\",\"iam:AddRoleToInstanceProfile\",\"iam:AttachRolePolicy\",\"iam:CreateInstanceProfile\",\"iam:CreateRole\",\"iam:DeleteInstanceProfile\",\"iam:DeleteRole\",\"iam:DeleteRolePolicy\",\"iam:GetInstanceProfile\",\"iam:GetRole\",\"iam:GetRolePolicy\",\"iam:ListInstanceProfilesForRole\",\"iam:ListRolePolicies\",\"iam:ListRoles\",\"iam:PutRolePolicy\",\"iam:RemoveRoleFromInstanceProfile\",\"s3:*\",\"ssm:*\"],\"Effect\":\"Allow\",\"Resource\":\"*\"},{\"Action\":[\"iam:PassRole\"],\"Effect\":\"Allow\",\"Resource\":\"arn:aws:iam::495195014394:role/CodeDeployServiceRole2\",\"Sid\":\"CodeDeployRolePolicy\"}],\"Version\":\"2012-10-17\"}",
            "policy_id": "ANPAXGS7MIT5I7ONG3TVX",
            "tags": null,
            "tags_all": {}
          },
          "sensitive_attributes": [],
          "private": "bnVsbA==",
          "dependencies": [
            "aws_iam_role.CodeDeployServiceRole2"
          ]
        }
      ]
    },
    {
      "mode": "managed",
      "type": "aws_iam_policy",
      "name": "code_deploy_ec2_permissions",
      "provider": "provider[\"registry.terraform.io/hashicorp/aws\"]",
      "instances": [
        {
          "schema_version": 0,
          "attributes": {
            "arn": "arn:aws:iam::495195014394:policy/CodeDeployEC2Permissions",
            "description": "Gives access to ctd-omega-frontend-deployment S3 bucket",
            "id": "arn:aws:iam::495195014394:policy/CodeDeployEC2Permissions",
            "name": "CodeDeployEC2Permissions",
            "name_prefix": null,
            "path": "/",
            "policy": "{\"Statement\":[{\"Action\":[\"s3:Get*\",\"s3:List*\"],\"Effect\":\"Allow\",\"Resource\":[\"arn:aws:s3:::ctd-omega-frontend-deployment/*\",\"arn:aws:s3:::aws-codedeploy-eu-west-2/*\"]}],\"Version\":\"2012-10-17\"}",
            "policy_id": "ANPAXGS7MIT5MZTGUSCE7",
            "tags": null,
            "tags_all": {}
          },
          "sensitive_attributes": [],
          "private": "bnVsbA=="
        }
      ]
    },
    {
      "mode": "managed",
      "type": "aws_iam_role",
      "name": "CodeDeployServiceRole2",
      "provider": "provider[\"registry.terraform.io/hashicorp/aws\"]",
      "instances": [
        {
          "schema_version": 0,
          "attributes": {
            "arn": "arn:aws:iam::495195014394:role/CodeDeployServiceRole2",
            "assume_role_policy": "{\"Statement\":[{\"Action\":\"sts:AssumeRole\",\"Effect\":\"Allow\",\"Principal\":{\"Service\":\"codedeploy.amazonaws.com\"},\"Sid\":\"\"}],\"Version\":\"2012-10-17\"}",
            "create_date": "2023-01-03T17:40:02Z",
            "description": "Allows CodeDeploy to call AWS services such as Auto Scaling on your behalf.",
            "force_detach_policies": false,
            "id": "CodeDeployServiceRole2",
            "inline_policy": [],
            "managed_policy_arns": [],
            "max_session_duration": 3600,
            "name": "CodeDeployServiceRole2",
            "name_prefix": "",
            "path": "/",
            "permissions_boundary": null,
            "tags": null,
            "tags_all": {},
            "unique_id": "AROAXGS7MIT5FBXIOG7H3"
          },
          "sensitive_attributes": [],
          "private": "bnVsbA=="
        }
      ]
    },
    {
      "mode": "managed",
      "type": "aws_iam_role",
      "name": "code_deploy_ec2_instance_profile_role",
      "provider": "provider[\"registry.terraform.io/hashicorp/aws\"]",
      "instances": [
        {
          "schema_version": 0,
          "attributes": {
            "arn": "arn:aws:iam::495195014394:role/code_deploy_ec2_instance_profile_role",
            "assume_role_policy": "{\"Statement\":[{\"Action\":\"sts:AssumeRole\",\"Effect\":\"Allow\",\"Principal\":{\"Service\":\"ec2.amazonaws.com\"},\"Sid\":\"\"}],\"Version\":\"2012-10-17\"}",
            "create_date": "2023-01-03T17:40:02Z",
            "description": "Allows EC2 instances to call AWS services on your behalf.",
            "force_detach_policies": false,
            "id": "code_deploy_ec2_instance_profile_role",
            "inline_policy": [],
            "managed_policy_arns": [],
            "max_session_duration": 3600,
            "name": "code_deploy_ec2_instance_profile_role",
            "name_prefix": "",
            "path": "/",
            "permissions_boundary": null,
            "tags": null,
            "tags_all": {},
            "unique_id": "AROAXGS7MIT5DKWJD3B45"
          },
          "sensitive_attributes": [],
          "private": "bnVsbA=="
        }
      ]
    },
    {
      "mode": "managed",
      "type": "aws_iam_role_policy",
      "name": "cd_role_policy",
      "provider": "provider[\"registry.terraform.io/hashicorp/aws\"]",
      "instances": [
        {
          "schema_version": 0,
          "attributes": {
            "id": "CodeDeployServiceRole2:CodeDeployRole",
            "name": "CodeDeployRole",
            "name_prefix": null,
            "policy": "{\"Statement\":[{\"Action\":[\"autoscaling:*\",\"codedeploy:*\",\"ec2:*\",\"elasticloadbalancing:*\",\"iam:AddRoleToInstanceProfile\",\"iam:AttachRolePolicy\",\"iam:CreateInstanceProfile\",\"iam:CreateRole\",\"iam:DeleteInstanceProfile\",\"iam:DeleteRole\",\"iam:DeleteRolePolicy\",\"iam:GetInstanceProfile\",\"iam:GetRole\",\"iam:GetRolePolicy\",\"iam:ListInstanceProfilesForRole\",\"iam:ListRolePolicies\",\"iam:ListRoles\",\"iam:PutRolePolicy\",\"iam:RemoveRoleFromInstanceProfile\",\"s3:*\",\"ssm:*\"],\"Effect\":\"Allow\",\"Resource\":\"*\",\"Sid\":\"CodeDeployAccessPolicy\"},{\"Action\":[\"iam:PassRole\"],\"Effect\":\"Allow\",\"Resource\":\"arn:aws:iam::495195014394:role/CodeDeployServiceRole2\",\"Sid\":\"CodeDeployRolePolicy\"}],\"Version\":\"2012-10-17\"}",
            "role": "CodeDeployServiceRole2"
          },
          "sensitive_attributes": [],
          "private": "bnVsbA==",
          "dependencies": [
            "aws_iam_role.CodeDeployServiceRole2"
          ]
        }
      ]
    },
    {
      "mode": "managed",
      "type": "aws_iam_role_policy_attachment",
      "name": "AWSCodeDeployRole",
      "provider": "provider[\"registry.terraform.io/hashicorp/aws\"]",
      "instances": [
        {
          "schema_version": 0,
          "attributes": {
            "id": "CodeDeployServiceRole2-20230103174003762100000003",
            "policy_arn": "arn:aws:iam::aws:policy/service-role/AWSCodeDeployRole",
            "role": "CodeDeployServiceRole2"
          },
          "sensitive_attributes": [],
          "private": "bnVsbA==",
          "dependencies": [
            "aws_iam_role.CodeDeployServiceRole2"
          ]
        }
      ]
    },
    {
      "mode": "managed",
      "type": "aws_iam_role_policy_attachment",
      "name": "code_deploy_ec2_attach",
      "provider": "provider[\"registry.terraform.io/hashicorp/aws\"]",
      "instances": [
        {
          "schema_version": 0,
          "attributes": {
            "id": "code_deploy_ec2_instance_profile_role-20230103174003777800000004",
            "policy_arn": "arn:aws:iam::495195014394:policy/CodeDeployEC2Permissions",
            "role": "code_deploy_ec2_instance_profile_role"
          },
          "sensitive_attributes": [],
          "private": "bnVsbA==",
          "dependencies": [
            "aws_iam_policy.code_deploy_ec2_permissions",
            "aws_iam_role.code_deploy_ec2_instance_profile_role"
          ]
        }
      ]
    },
    {
      "mode": "managed",
      "type": "aws_iam_role_policy_attachment",
      "name": "code_deploy_ssm_attach",
      "provider": "provider[\"registry.terraform.io/hashicorp/aws\"]",
      "instances": [
        {
          "schema_version": 0,
          "attributes": {
            "id": "code_deploy_ec2_instance_profile_role-20230103174003792900000005",
            "policy_arn": "arn:aws:iam::aws:policy/AmazonSSMManagedInstanceCore",
            "role": "code_deploy_ec2_instance_profile_role"
          },
          "sensitive_attributes": [],
          "private": "bnVsbA==",
          "dependencies": [
            "aws_iam_role.code_deploy_ec2_instance_profile_role"
          ]
        }
      ]
    },
    {
      "mode": "managed",
      "type": "aws_iam_user",
      "name": "cd_user",
      "provider": "provider[\"registry.terraform.io/hashicorp/aws\"]",
      "instances": [
        {
          "schema_version": 0,
          "attributes": {
            "arn": "arn:aws:iam::495195014394:user/cd_user",
            "force_destroy": false,
            "id": "cd_user",
            "name": "cd_user",
            "path": "/",
            "permissions_boundary": null,
            "tags": null,
            "tags_all": {},
            "unique_id": "AIDAXGS7MIT5PE7ZGDQ6D"
          },
          "sensitive_attributes": [],
          "private": "bnVsbA=="
        }
      ]
    },
    {
      "mode": "managed",
      "type": "aws_instance",
      "name": "frontend_server",
      "provider": "provider[\"registry.terraform.io/hashicorp/aws\"]",
      "instances": [
        {
          "schema_version": 1,
          "attributes": {
            "ami": "ami-084e8c05825742534",
            "arn": "arn:aws:ec2:eu-west-2:495195014394:instance/i-0a775ede9e0129087",
            "associate_public_ip_address": true,
            "availability_zone": "eu-west-2b",
            "capacity_reservation_specification": [
              {
                "capacity_reservation_preference": "open",
                "capacity_reservation_target": []
              }
            ],
            "cpu_core_count": 1,
            "cpu_threads_per_core": 1,
            "credit_specification": [
              {
                "cpu_credits": "standard"
              }
            ],
            "disable_api_stop": false,
            "disable_api_termination": false,
            "ebs_block_device": [],
            "ebs_optimized": false,
            "enclave_options": [
              {
                "enabled": false
              }
            ],
            "ephemeral_block_device": [],
            "get_password_data": false,
            "hibernation": false,
            "host_id": null,
            "host_resource_group_arn": null,
            "iam_instance_profile": "CodeDeployEC2Profile",
            "id": "i-0a775ede9e0129087",
            "instance_initiated_shutdown_behavior": "stop",
            "instance_state": "running",
            "instance_type": "t2.micro",
            "ipv6_address_count": 0,
            "ipv6_addresses": [],
            "key_name": "deployer-key",
            "launch_template": [
              {
                "id": "lt-076d2720a00225f3c",
                "name": "terraform-20230103174002407500000001",
                "version": "$Default"
              }
            ],
            "maintenance_options": [
              {
                "auto_recovery": "default"
              }
            ],
            "metadata_options": [
              {
                "http_endpoint": "enabled",
                "http_put_response_hop_limit": 1,
                "http_tokens": "optional",
                "instance_metadata_tags": "disabled"
              }
            ],
            "monitoring": false,
            "network_interface": [],
            "outpost_arn": "",
            "password_data": "",
            "placement_group": "",
            "placement_partition_number": null,
            "primary_network_interface_id": "eni-073957c0a798f93a2",
            "private_dns": "ip-172-31-47-157.eu-west-2.compute.internal",
            "private_dns_name_options": [
              {
                "enable_resource_name_dns_a_record": false,
                "enable_resource_name_dns_aaaa_record": false,
                "hostname_type": "ip-name"
              }
            ],
            "private_ip": "172.31.47.157",
            "public_dns": "ec2-3-8-135-244.eu-west-2.compute.amazonaws.com",
            "public_ip": "3.8.135.244",
            "root_block_device": [
              {
                "delete_on_termination": true,
                "device_name": "/dev/xvda",
                "encrypted": false,
                "iops": 100,
                "kms_key_id": "",
                "tags": {},
                "throughput": 0,
                "volume_id": "vol-0a02027e9cd5efa3b",
                "volume_size": 8,
                "volume_type": "gp2"
              }
            ],
            "secondary_private_ips": [],
            "security_groups": [
              "default"
            ],
            "source_dest_check": true,
            "subnet_id": "subnet-00b97983bd9b37f0d",
            "tags": {
              "Name": "EditorialWeb"
            },
            "tags_all": {
              "Name": "EditorialWeb"
            },
            "tenancy": "default",
            "timeouts": null,
            "user_data": "e7fc70f98afb9c92e6d44e617ad6c3ddba2016a1",
            "user_data_base64": null,
            "user_data_replace_on_change": false,
            "volume_tags": null,
            "vpc_security_group_ids": [
              "sg-0de08a51a385aa843"
            ]
          },
          "sensitive_attributes": [],
          "private": "eyJlMmJmYjczMC1lY2FhLTExZTYtOGY4OC0zNDM2M2JjN2M0YzAiOnsiY3JlYXRlIjo2MDAwMDAwMDAwMDAsImRlbGV0ZSI6MTIwMDAwMDAwMDAwMCwidXBkYXRlIjo2MDAwMDAwMDAwMDB9LCJzY2hlbWFfdmVyc2lvbiI6IjEifQ==",
          "dependencies": [
            "aws_iam_instance_profile.code_deploy_ec2_profile",
            "aws_iam_role.code_deploy_ec2_instance_profile_role",
            "aws_key_pair.deployer",
            "aws_launch_template.install_code_deploy_agent"
          ]
        }
      ]
    },
    {
      "mode": "managed",
      "type": "aws_key_pair",
      "name": "deployer",
      "provider": "provider[\"registry.terraform.io/hashicorp/aws\"]",
      "instances": [
        {
          "schema_version": 1,
          "attributes": {
            "arn": "arn:aws:ec2:eu-west-2:495195014394:key-pair/deployer-key",
            "fingerprint": "19:1e:b2:2a:b4:88:30:27:7c:54:cf:c5:39:7a:d4:3a",
            "id": "deployer-key",
            "key_name": "deployer-key",
            "key_name_prefix": "",
            "key_pair_id": "key-015f7393945b23e4d",
            "key_type": "rsa",
            "public_key": "ssh-rsa AAAAB3NzaC1yc2EAAAADAQABAAABAQC1i2MVPWhX0cBkSwcrWPP01yALw/yZH6n7Jobx7JQYS/UJOGKqz7GwW4uG3YZwRCIm4dQdmiOH6VqfQ/xVAE+ashPM+ZEpBWAyRe7JNyRMMUNXoGphqHr0IAUNMcP16U5W2gR5SYIQyLAoFDKuwiK1kpCvy/1HyzYY8U1I4g06hlqK+m7SCJF1lEsoDdpOfwrgVsv9DKApdWAeII8Vq2ZgNffKNp+v/G2F8a81ucPBBcVt6WOaqIeNw+f6TbiAMuAHx4CbtQrdDkePwziy0dC+dKzHVZ3NdmLbdCJPR6jku7DX/LGzDYdXZ0qdkQL8MkFFvJAhR0VRe1+mZour3Q1P",
            "tags": null,
            "tags_all": {}
          },
          "sensitive_attributes": [],
          "private": "eyJzY2hlbWFfdmVyc2lvbiI6IjEifQ=="
        }
      ]
    },
    {
      "mode": "managed",
      "type": "aws_launch_template",
      "name": "install_code_deploy_agent",
      "provider": "provider[\"registry.terraform.io/hashicorp/aws\"]",
      "instances": [
        {
          "schema_version": 0,
          "attributes": {
            "arn": "arn:aws:ec2:eu-west-2:495195014394:launch-template/lt-076d2720a00225f3c",
            "block_device_mappings": [],
            "capacity_reservation_specification": [],
            "cpu_options": [],
            "credit_specification": [],
            "default_version": 1,
            "description": "",
            "disable_api_stop": false,
            "disable_api_termination": false,
            "ebs_optimized": "",
            "elastic_gpu_specifications": [],
            "elastic_inference_accelerator": [],
            "enclave_options": [],
            "hibernation_options": [],
            "iam_instance_profile": [],
            "id": "lt-076d2720a00225f3c",
            "image_id": "",
            "instance_initiated_shutdown_behavior": "",
            "instance_market_options": [],
            "instance_requirements": [],
            "instance_type": "",
            "kernel_id": "",
            "key_name": "",
            "latest_version": 1,
            "license_specification": [],
            "maintenance_options": [],
            "metadata_options": [],
            "monitoring": [],
            "name": "terraform-20230103174002407500000001",
            "name_prefix": "terraform-",
            "network_interfaces": [],
            "placement": [],
            "private_dns_name_options": [],
            "ram_disk_id": "",
            "security_group_names": null,
            "tag_specifications": [],
            "tags": null,
            "tags_all": {},
            "update_default_version": null,
            "user_data": "IyEvYmluL2Jhc2ggLXhlCgojIyBDb2RlIERlcGxveSBBZ2VudCBCb290c3RyYXAgU2NyaXB0IyMKCgpleGVjID4gPih0ZWUgL3Zhci9sb2cvdXNlci1kYXRhLmxvZ3xsb2dnZXIgLXQgdXNlci1kYXRhIC1zIDI+L2Rldi9jb25zb2xlKSAyPiYxCkFVVE9VUERBVEU9ZmFsc2UKCmZ1bmN0aW9uIGluc3RhbGxkZXAoKXsKCmlmIFsgJHtQTEFUfSA9ICJ1YnVudHUiIF07IHRoZW4KCiAgYXB0LWdldCAteSB1cGRhdGUKICAjIFNhdGlzZnlpbmcgZXZlbiB1YnVudHUgb2xkZXIgdmVyc2lvbnMuCiAgYXB0LWdldCAteSBpbnN0YWxsIGpxIGF3c2NsaSBydWJ5Mi4wIHx8IGFwdC1nZXQgLXkgaW5zdGFsbCBqcSBhd3NjbGkgcnVieQoKCgplbGlmIFsgJHtQTEFUfSA9ICJhbXoiIF07IHRoZW4KICB5dW0gLXkgdXBkYXRlCiAgeXVtIGluc3RhbGwgLXkgYXdzLWNsaSBydWJ5IGpxCgpmaQoKfQoKZnVuY3Rpb24gcGxhdGZvcm1pemUoKXsKCiNMaW51eCBPUyBkZXRlY3Rpb24jCiBpZiBoYXNoIGxzYl9yZWxlYXNlOyB0aGVuCiAgIGVjaG8gIlVidW50dSBzZXJ2ZXIgT1MgZGV0ZWN0ZWQiCiAgIGV4cG9ydCBQTEFUPSJ1YnVudHUiCgoKZWxpZiBoYXNoIHl1bTsgdGhlbgogIGVjaG8gIkFtYXpvbiBMaW51eCBkZXRlY3RlZCIKICBleHBvcnQgUExBVD0iYW16IgoKIGVsc2UKICAgZWNobyAiVW5zdXBwb3J0ZWQgcmVsZWFzZSIKICAgZXhpdCAxCgogZmkKfQoKCmZ1bmN0aW9uIGV4ZWN1dGUoKXsKCmlmIFsgJHtQTEFUfSA9ICJ1YnVudHUiIF07IHRoZW4KCiAgY2QgL3RtcC8KICB3Z2V0IGh0dHBzOi8vYXdzLWNvZGVkZXBsb3ktJHtSRUdJT059LnMzLmFtYXpvbmF3cy5jb20vbGF0ZXN0L2luc3RhbGwKICBjaG1vZCAreCAuL2luc3RhbGwKCiAgaWYgLi9pbnN0YWxsIGF1dG87IHRoZW4KICAgIGVjaG8gIkluc3RhbGxhdGlvbiBjb21wbGV0ZWQiCiAgICAgIGlmICEgJHtBVVRPVVBEQVRFfTsgdGhlbgogICAgICAgICAgICBlY2hvICJEaXNhYmxpbmcgQXV0byBVcGRhdGUiCiAgICAgICAgICAgIHNlZCAtaSAnL0ByZWJvb3QvZCcgL2V0Yy9jcm9uLmQvY29kZWRlcGxveS1hZ2VudC11cGRhdGUKICAgICAgICAgICAgY2hhdHRyICtpIC9ldGMvY3Jvbi5kL2NvZGVkZXBsb3ktYWdlbnQtdXBkYXRlCiAgICAgICAgICAgIHJtIC1mIC90bXAvaW5zdGFsbAogICAgICBmaQogICAgZXhpdCAwCiAgZWxzZQogICAgZWNobyAiSW5zdGFsbGF0aW9uIHNjcmlwdCBmYWlsZWQsIHBsZWFzZSBpbnZlc3RpZ2F0ZSIKICAgIHJtIC1mIC90bXAvaW5zdGFsbAogICAgZXhpdCAxCiAgZmkKCmVsaWYgWyAke1BMQVR9ID0gImFteiIgXTsgdGhlbgoKICBjZCAvdG1wLwogIHdnZXQgaHR0cHM6Ly9hd3MtY29kZWRlcGxveS0ke1JFR0lPTn0uczMuYW1hem9uYXdzLmNvbS9sYXRlc3QvaW5zdGFsbAogIGNobW9kICt4IC4vaW5zdGFsbAoKICAgIGlmIC4vaW5zdGFsbCBhdXRvOyB0aGVuCiAgICAgIGVjaG8gIkluc3RhbGxhdGlvbiBjb21wbGV0ZWQiCiAgICAgICAgaWYgISAke0FVVE9VUERBVEV9OyB0aGVuCiAgICAgICAgICAgIGVjaG8gIkRpc2FibGluZyBhdXRvIHVwZGF0ZSIKICAgICAgICAgICAgc2VkIC1pICcvQHJlYm9vdC9kJyAvZXRjL2Nyb24uZC9jb2RlZGVwbG95LWFnZW50LXVwZGF0ZQogICAgICAgICAgICBjaGF0dHIgK2kgL2V0Yy9jcm9uLmQvY29kZWRlcGxveS1hZ2VudC11cGRhdGUKICAgICAgICAgICAgcm0gLWYgL3RtcC9pbnN0YWxsCiAgICAgICAgZmkKICAgICAgZXhpdCAwCiAgICBlbHNlCiAgICAgIGVjaG8gIkluc3RhbGxhdGlvbiBzY3JpcHQgZmFpbGVkLCBwbGVhc2UgaW52ZXN0aWdhdGUiCiAgICAgIHJtIC1mIC90bXAvaW5zdGFsbAogICAgICBleGl0IDEKICAgIGZpCgplbHNlCiAgZWNobyAiVW5zdXBwb3J0ZWQgcGxhdGZvcm0gJycke1BMQVR9JyciCmZpCgp9CgpwbGF0Zm9ybWl6ZQppbnN0YWxsZGVwClJFR0lPTj0kKGN1cmwgLXMgMTY5LjI1NC4xNjkuMjU0L2xhdGVzdC9keW5hbWljL2luc3RhbmNlLWlkZW50aXR5L2RvY3VtZW50IHwganEgLXIgIi5yZWdpb24iKQpleGVjdXRl",
            "vpc_security_group_ids": null
          },
          "sensitive_attributes": [],
          "private": "bnVsbA=="
        }
      ]
    },
    {
      "mode": "managed",
      "type": "aws_s3_bucket",
      "name": "ctd-omega-frontend-deployment",
      "provider": "provider[\"registry.terraform.io/hashicorp/aws\"]",
      "instances": [
        {
          "schema_version": 0,
          "attributes": {
            "acceleration_status": "",
            "acl": null,
            "arn": "arn:aws:s3:::ctd-omega-frontend-deployment",
            "bucket": "ctd-omega-frontend-deployment",
            "bucket_domain_name": "ctd-omega-frontend-deployment.s3.amazonaws.com",
            "bucket_prefix": null,
            "bucket_regional_domain_name": "ctd-omega-frontend-deployment.s3.eu-west-2.amazonaws.com",
            "cors_rule": [],
            "force_destroy": false,
            "grant": [
              {
                "id": "5e041d07bfcf9bdbfb27ebfc6c7f1957c80021b037cffd3aca3979afe2963010",
                "permissions": [
                  "FULL_CONTROL"
                ],
                "type": "CanonicalUser",
                "uri": ""
              }
            ],
            "hosted_zone_id": "Z3GKZC51ZF0DB4",
            "id": "ctd-omega-frontend-deployment",
            "lifecycle_rule": [],
            "logging": [],
            "object_lock_configuration": [],
            "object_lock_enabled": false,
            "policy": "",
            "region": "eu-west-2",
            "replication_configuration": [],
            "request_payer": "BucketOwner",
            "server_side_encryption_configuration": [],
            "tags": null,
            "tags_all": {},
            "timeouts": null,
            "versioning": [
              {
                "enabled": false,
                "mfa_delete": false
              }
            ],
            "website": [],
            "website_domain": null,
            "website_endpoint": null
          },
          "sensitive_attributes": [],
          "private": "eyJlMmJmYjczMC1lY2FhLTExZTYtOGY4OC0zNDM2M2JjN2M0YzAiOnsiY3JlYXRlIjoxMjAwMDAwMDAwMDAwLCJkZWxldGUiOjM2MDAwMDAwMDAwMDAsInJlYWQiOjEyMDAwMDAwMDAwMDAsInVwZGF0ZSI6MTIwMDAwMDAwMDAwMH19"
        }
      ]
    },
    {
      "mode": "managed",
      "type": "aws_s3_bucket_public_access_block",
      "name": "web_deployment_public_access_block",
      "provider": "provider[\"registry.terraform.io/hashicorp/aws\"]",
      "instances": [
        {
          "schema_version": 0,
          "attributes": {
            "block_public_acls": true,
            "block_public_policy": true,
            "bucket": "ctd-omega-frontend-deployment",
            "id": "ctd-omega-frontend-deployment",
            "ignore_public_acls": true,
            "restrict_public_buckets": true
          },
          "sensitive_attributes": [],
          "private": "bnVsbA==",
          "dependencies": [
            "aws_s3_bucket.ctd-omega-frontend-deployment"
          ]
        }
      ]
    },
    {
      "module": "module.iam_github_oidc_role",
      "mode": "data",
      "type": "aws_caller_identity",
      "name": "current",
      "provider": "provider[\"registry.terraform.io/hashicorp/aws\"]",
      "instances": [
        {
          "schema_version": 0,
          "attributes": {
            "account_id": "495195014394",
            "arn": "arn:aws:iam::495195014394:user/ec2-user",
            "id": "495195014394",
            "user_id": "AIDAXGS7MIT5JT4EI4DZ6"
          },
          "sensitive_attributes": []
        }
      ]
    },
    {
      "module": "module.iam_github_oidc_role",
      "mode": "data",
      "type": "aws_iam_policy_document",
      "name": "this",
      "provider": "provider[\"registry.terraform.io/hashicorp/aws\"]",
      "instances": [
        {
          "index_key": 0,
          "schema_version": 0,
          "attributes": {
            "id": "3401522857",
            "json": "{\n  \"Version\": \"2012-10-17\",\n  \"Statement\": [\n    {\n      \"Sid\": \"GithubOidcAuth\",\n      \"Effect\": \"Allow\",\n      \"Action\": [\n        \"sts:TagSession\",\n        \"sts:AssumeRoleWithWebIdentity\"\n      ],\n      \"Principal\": {\n        \"Federated\": \"arn:aws:iam::495195014394:oidc-provider/token.actions.githubusercontent.com\"\n      },\n      \"Condition\": {\n        \"ForAllValues:StringEquals\": {\n          \"token.actions.githubusercontent.com:aud\": \"sts.amazonaws.com\",\n          \"token.actions.githubusercontent.com:iss\": \"http://token.actions.githubusercontent.com\"\n        },\n        \"StringLike\": {\n          \"token.actions.githubusercontent.com:sub\": \"repo:nationalarchives/ctd-omega-editorial-frontend:*\"\n        }\n      }\n    }\n  ]\n}",
            "override_json": null,
            "override_policy_documents": null,
            "policy_id": null,
            "source_json": null,
            "source_policy_documents": null,
            "statement": [
              {
                "actions": [
                  "sts:AssumeRoleWithWebIdentity",
                  "sts:TagSession"
                ],
                "condition": [
                  {
                    "test": "ForAllValues:StringEquals",
                    "values": [
                      "http://token.actions.githubusercontent.com"
                    ],
                    "variable": "token.actions.githubusercontent.com:iss"
                  },
                  {
                    "test": "ForAllValues:StringEquals",
                    "values": [
                      "sts.amazonaws.com"
                    ],
                    "variable": "token.actions.githubusercontent.com:aud"
                  },
                  {
                    "test": "StringLike",
                    "values": [
                      "repo:nationalarchives/ctd-omega-editorial-frontend:*"
                    ],
                    "variable": "token.actions.githubusercontent.com:sub"
                  }
                ],
                "effect": "Allow",
                "not_actions": [],
                "not_principals": [],
                "not_resources": [],
                "principals": [
                  {
                    "identifiers": [
                      "arn:aws:iam::495195014394:oidc-provider/token.actions.githubusercontent.com"
                    ],
                    "type": "Federated"
                  }
                ],
                "resources": [],
                "sid": "GithubOidcAuth"
              }
            ],
            "version": "2012-10-17"
          },
          "sensitive_attributes": []
        }
      ]
    },
    {
      "module": "module.iam_github_oidc_role",
      "mode": "data",
      "type": "aws_partition",
      "name": "current",
      "provider": "provider[\"registry.terraform.io/hashicorp/aws\"]",
      "instances": [
        {
          "schema_version": 0,
          "attributes": {
            "dns_suffix": "amazonaws.com",
            "id": "aws",
            "partition": "aws",
            "reverse_dns_prefix": "com.amazonaws"
          },
          "sensitive_attributes": []
        }
      ]
    },
    {
      "module": "module.iam_github_oidc_role",
      "mode": "managed",
      "type": "aws_iam_role",
      "name": "this",
      "provider": "provider[\"registry.terraform.io/hashicorp/aws\"]",
      "instances": [
        {
          "index_key": 0,
          "schema_version": 0,
          "attributes": {
            "arn": "arn:aws:iam::495195014394:role/iam_github_oidc",
            "assume_role_policy": "{\"Statement\":[{\"Action\":[\"sts:TagSession\",\"sts:AssumeRoleWithWebIdentity\"],\"Condition\":{\"ForAllValues:StringEquals\":{\"token.actions.githubusercontent.com:aud\":\"sts.amazonaws.com\",\"token.actions.githubusercontent.com:iss\":\"http://token.actions.githubusercontent.com\"},\"StringLike\":{\"token.actions.githubusercontent.com:sub\":\"repo:nationalarchives/ctd-omega-editorial-frontend:*\"}},\"Effect\":\"Allow\",\"Principal\":{\"Federated\":\"arn:aws:iam::495195014394:oidc-provider/token.actions.githubusercontent.com\"},\"Sid\":\"GithubOidcAuth\"}],\"Version\":\"2012-10-17\"}",
            "create_date": "2023-01-03T17:40:02Z",
            "description": "",
            "force_detach_policies": true,
            "id": "iam_github_oidc",
            "inline_policy": [],
            "managed_policy_arns": [],
            "max_session_duration": 3600,
            "name": "iam_github_oidc",
            "name_prefix": "",
            "path": "/",
            "permissions_boundary": null,
            "tags": null,
            "tags_all": {},
            "unique_id": "AROAXGS7MIT5EPK7RC5R5"
          },
          "sensitive_attributes": [],
          "private": "bnVsbA==",
          "dependencies": [
            "module.iam_github_oidc_role.data.aws_iam_policy_document.this"
          ]
        }
      ]
    },
    {
      "module": "module.iam_github_oidc_role",
      "mode": "managed",
      "type": "aws_iam_role_policy_attachment",
      "name": "this",
      "provider": "provider[\"registry.terraform.io/hashicorp/aws\"]",
      "instances": [
        {
          "index_key": "S3FullAccess",
          "schema_version": 0,
          "attributes": {
            "id": "iam_github_oidc-20230103174004173600000008",
            "policy_arn": "arn:aws:iam::aws:policy/AmazonS3FullAccess",
            "role": "iam_github_oidc"
          },
          "sensitive_attributes": [],
          "private": "bnVsbA==",
          "dependencies": [
            "aws_iam_policy.CodeDeployAccess",
            "aws_iam_role.CodeDeployServiceRole2",
            "module.iam_github_oidc_role.aws_iam_role.this",
            "module.iam_github_oidc_role.data.aws_iam_policy_document.this"
          ]
        },
        {
          "index_key": "additional",
          "schema_version": 0,
          "attributes": {
            "id": "iam_github_oidc-20230103174004173100000007",
            "policy_arn": "arn:aws:iam::495195014394:policy/CodeDeployAccess",
            "role": "iam_github_oidc"
          },
          "sensitive_attributes": [],
          "private": "bnVsbA==",
          "dependencies": [
            "aws_iam_policy.CodeDeployAccess",
            "aws_iam_role.CodeDeployServiceRole2",
            "module.iam_github_oidc_role.aws_iam_role.this",
            "module.iam_github_oidc_role.data.aws_iam_policy_document.this"
          ]
        }
      ]
    }
  ],
  "check_results": null
}
